
Microsoft Visual Studio Solution File, Format Version 12.00
# Visual Studio Version 17
VisualStudioVersion = 17.5.33530.505
MinimumVisualStudioVersion = 10.0.40219.1
Project("{FAE04EC0-301F-11D3-BF4B-00C04F79EFBC}") = "ATM", "ATM.csproj", "{DB651C3A-8C60-434E-AEB1-D75B03720EA3}"
EndProject
Global
	GlobalSection(SolutionConfigurationPlatforms) = preSolution
		Debug|Any CPU = Debug|Any CPU
		Release|Any CPU = Release|Any CPU
	EndGlobalSection
	GlobalSection(ProjectConfigurationPlatforms) = postSolution
		{DB651C3A-8C60-434E-AEB1-D75B03720EA3}.Debug|Any CPU.ActiveCfg = Debug|Any CPU
		{DB651C3A-8C60-434E-AEB1-D75B03720EA3}.Debug|Any CPU.Build.0 = Debug|Any CPU
		{DB651C3A-8C60-434E-AEB1-D75B03720EA3}.Release|Any CPU.ActiveCfg = Release|Any CPU
		{DB651C3A-8C60-434E-AEB1-D75B03720EA3}.Release|Any CPU.Build.0 = Release|Any CPU
	EndGlobalSection
	GlobalSection(SolutionProperties) = preSolution
		HideSolutionNode = FALSE
	EndGlobalSection
	GlobalSection(ExtensibilityGlobals) = postSolution
		SolutionGuid = {20E67597-F3DD-4EFA-9004-2472882545D6}
	EndGlobalSection
EndGlobal
